
Microsoft Visual Studio Solution File, Format Version 12.00
# Visual Studio Version 17
VisualStudioVersion = 17.0.31903.59
MinimumVisualStudioVersion = 10.0.40219.1
Project("{FAE04EC0-301F-11D3-BF4B-00C04F79EFBC}") = "Counter", "Counter\Counter.csproj", "{61786ED2-D545-44F1-AB27-F2E7813F347A}"
EndProject
Project("{FAE04EC0-301F-11D3-BF4B-00C04F79EFBC}") = "Counter.Tests", "Counter.Tests\Counter.Tests.csproj", "{D6FA401C-2313-4F52-B3C6-890C077FF780}"
EndProject
Global
	GlobalSection(SolutionConfigurationPlatforms) = preSolution
		Debug|Any CPU = Debug|Any CPU
		Release|Any CPU = Release|Any CPU
	EndGlobalSection
	GlobalSection(SolutionProperties) = preSolution
		HideSolutionNode = FALSE
	EndGlobalSection
	GlobalSection(ProjectConfigurationPlatforms) = postSolution
		{61786ED2-D545-44F1-AB27-F2E7813F347A}.Debug|Any CPU.ActiveCfg = Debug|Any CPU
		{61786ED2-D545-44F1-AB27-F2E7813F347A}.Debug|Any CPU.Build.0 = Debug|Any CPU
		{61786ED2-D545-44F1-AB27-F2E7813F347A}.Release|Any CPU.ActiveCfg = Release|Any CPU
		{61786ED2-D545-44F1-AB27-F2E7813F347A}.Release|Any CPU.Build.0 = Release|Any CPU
		{D6FA401C-2313-4F52-B3C6-890C077FF780}.Debug|Any CPU.ActiveCfg = Debug|Any CPU
		{D6FA401C-2313-4F52-B3C6-890C077FF780}.Debug|Any CPU.Build.0 = Debug|Any CPU
		{D6FA401C-2313-4F52-B3C6-890C077FF780}.Release|Any CPU.ActiveCfg = Release|Any CPU
		{D6FA401C-2313-4F52-B3C6-890C077FF780}.Release|Any CPU.Build.0 = Release|Any CPU
	EndGlobalSection
EndGlobal
